
Microsoft Visual Studio Solution File, Format Version 11.00
# Visual Studio 2010
Project("{2150E333-8FDC-42A3-9474-1A3956D46DE8}") = "__Build_Utilities", "__Build_Utilities", "{7AC4D197-535A-4686-8E21-18257B2ADB3A}"
	ProjectSection(SolutionItems) = preProject
		..\InstallGems.bat = ..\InstallGems.bat
	EndProjectSection
EndProject
Project("{FAE04EC0-301F-11D3-BF4B-00C04F79EFBC}") = "FubuTestApplication", "FubuTestApplication\FubuTestApplication.csproj", "{8FFDBE50-4E00-4940-BC8F-7AF85278B247}"
EndProject
Project("{FAE04EC0-301F-11D3-BF4B-00C04F79EFBC}") = "FubuFastPack", "FubuFastPack\FubuFastPack.csproj", "{F274E0DD-F9B1-41FE-A3F6-89EE74FE3F56}"
EndProject
Project("{FAE04EC0-301F-11D3-BF4B-00C04F79EFBC}") = "FubuFastPack.Testing", "FubuFastPack.Testing\FubuFastPack.Testing.csproj", "{90CB4AF5-491C-45DB-8F46-16D95B6A9F7F}"
EndProject
Project("{FAE04EC0-301F-11D3-BF4B-00C04F79EFBC}") = "IntegrationTesting", "StoryTellerTesting\IntegrationTesting.csproj", "{022C7B24-4417-493F-9F70-E3F4035FBEDA}"
EndProject
Global
	GlobalSection(SolutionConfigurationPlatforms) = preSolution
		Debug|Any CPU = Debug|Any CPU
		Debug|Mixed Platforms = Debug|Mixed Platforms
		Debug|x86 = Debug|x86
		Release|Any CPU = Release|Any CPU
		Release|Mixed Platforms = Release|Mixed Platforms
		Release|x86 = Release|x86
		Retail|Any CPU = Retail|Any CPU
		Retail|Mixed Platforms = Retail|Mixed Platforms
		Retail|x86 = Retail|x86
	EndGlobalSection
	GlobalSection(ProjectConfigurationPlatforms) = postSolution
		{8FFDBE50-4E00-4940-BC8F-7AF85278B247}.Debug|Any CPU.ActiveCfg = Debug|Any CPU
		{8FFDBE50-4E00-4940-BC8F-7AF85278B247}.Debug|Any CPU.Build.0 = Debug|Any CPU
		{8FFDBE50-4E00-4940-BC8F-7AF85278B247}.Debug|Mixed Platforms.ActiveCfg = Debug|Any CPU
		{8FFDBE50-4E00-4940-BC8F-7AF85278B247}.Debug|Mixed Platforms.Build.0 = Debug|Any CPU
		{8FFDBE50-4E00-4940-BC8F-7AF85278B247}.Debug|x86.ActiveCfg = Debug|Any CPU
		{8FFDBE50-4E00-4940-BC8F-7AF85278B247}.Release|Any CPU.ActiveCfg = Release|Any CPU
		{8FFDBE50-4E00-4940-BC8F-7AF85278B247}.Release|Any CPU.Build.0 = Release|Any CPU
		{8FFDBE50-4E00-4940-BC8F-7AF85278B247}.Release|Mixed Platforms.ActiveCfg = Release|Any CPU
		{8FFDBE50-4E00-4940-BC8F-7AF85278B247}.Release|Mixed Platforms.Build.0 = Release|Any CPU
		{8FFDBE50-4E00-4940-BC8F-7AF85278B247}.Release|x86.ActiveCfg = Release|Any CPU
		{8FFDBE50-4E00-4940-BC8F-7AF85278B247}.Retail|Any CPU.ActiveCfg = Release|Any CPU
		{8FFDBE50-4E00-4940-BC8F-7AF85278B247}.Retail|Any CPU.Build.0 = Release|Any CPU
		{8FFDBE50-4E00-4940-BC8F-7AF85278B247}.Retail|Mixed Platforms.ActiveCfg = Release|Any CPU
		{8FFDBE50-4E00-4940-BC8F-7AF85278B247}.Retail|Mixed Platforms.Build.0 = Release|Any CPU
		{8FFDBE50-4E00-4940-BC8F-7AF85278B247}.Retail|x86.ActiveCfg = Release|Any CPU
		{F274E0DD-F9B1-41FE-A3F6-89EE74FE3F56}.Debug|Any CPU.ActiveCfg = Debug|Any CPU
		{F274E0DD-F9B1-41FE-A3F6-89EE74FE3F56}.Debug|Any CPU.Build.0 = Debug|Any CPU
		{F274E0DD-F9B1-41FE-A3F6-89EE74FE3F56}.Debug|Mixed Platforms.ActiveCfg = Debug|Any CPU
		{F274E0DD-F9B1-41FE-A3F6-89EE74FE3F56}.Debug|Mixed Platforms.Build.0 = Debug|Any CPU
		{F274E0DD-F9B1-41FE-A3F6-89EE74FE3F56}.Debug|x86.ActiveCfg = Debug|Any CPU
		{F274E0DD-F9B1-41FE-A3F6-89EE74FE3F56}.Release|Any CPU.ActiveCfg = Release|Any CPU
		{F274E0DD-F9B1-41FE-A3F6-89EE74FE3F56}.Release|Any CPU.Build.0 = Release|Any CPU
		{F274E0DD-F9B1-41FE-A3F6-89EE74FE3F56}.Release|Mixed Platforms.ActiveCfg = Release|Any CPU
		{F274E0DD-F9B1-41FE-A3F6-89EE74FE3F56}.Release|Mixed Platforms.Build.0 = Release|Any CPU
		{F274E0DD-F9B1-41FE-A3F6-89EE74FE3F56}.Release|x86.ActiveCfg = Release|Any CPU
		{F274E0DD-F9B1-41FE-A3F6-89EE74FE3F56}.Retail|Any CPU.ActiveCfg = Release|Any CPU
		{F274E0DD-F9B1-41FE-A3F6-89EE74FE3F56}.Retail|Any CPU.Build.0 = Release|Any CPU
		{F274E0DD-F9B1-41FE-A3F6-89EE74FE3F56}.Retail|Mixed Platforms.ActiveCfg = Release|Any CPU
		{F274E0DD-F9B1-41FE-A3F6-89EE74FE3F56}.Retail|Mixed Platforms.Build.0 = Release|Any CPU
		{F274E0DD-F9B1-41FE-A3F6-89EE74FE3F56}.Retail|x86.ActiveCfg = Release|Any CPU
		{90CB4AF5-491C-45DB-8F46-16D95B6A9F7F}.Debug|Any CPU.ActiveCfg = Debug|Any CPU
		{90CB4AF5-491C-45DB-8F46-16D95B6A9F7F}.Debug|Any CPU.Build.0 = Debug|Any CPU
		{90CB4AF5-491C-45DB-8F46-16D95B6A9F7F}.Debug|Mixed Platforms.ActiveCfg = Debug|Any CPU
		{90CB4AF5-491C-45DB-8F46-16D95B6A9F7F}.Debug|Mixed Platforms.Build.0 = Debug|Any CPU
		{90CB4AF5-491C-45DB-8F46-16D95B6A9F7F}.Debug|x86.ActiveCfg = Debug|Any CPU
		{90CB4AF5-491C-45DB-8F46-16D95B6A9F7F}.Release|Any CPU.ActiveCfg = Release|Any CPU
		{90CB4AF5-491C-45DB-8F46-16D95B6A9F7F}.Release|Any CPU.Build.0 = Release|Any CPU
		{90CB4AF5-491C-45DB-8F46-16D95B6A9F7F}.Release|Mixed Platforms.ActiveCfg = Release|Any CPU
		{90CB4AF5-491C-45DB-8F46-16D95B6A9F7F}.Release|Mixed Platforms.Build.0 = Release|Any CPU
		{90CB4AF5-491C-45DB-8F46-16D95B6A9F7F}.Release|x86.ActiveCfg = Release|Any CPU
		{90CB4AF5-491C-45DB-8F46-16D95B6A9F7F}.Retail|Any CPU.ActiveCfg = Release|Any CPU
		{90CB4AF5-491C-45DB-8F46-16D95B6A9F7F}.Retail|Any CPU.Build.0 = Release|Any CPU
		{90CB4AF5-491C-45DB-8F46-16D95B6A9F7F}.Retail|Mixed Platforms.ActiveCfg = Release|Any CPU
		{90CB4AF5-491C-45DB-8F46-16D95B6A9F7F}.Retail|Mixed Platforms.Build.0 = Release|Any CPU
		{90CB4AF5-491C-45DB-8F46-16D95B6A9F7F}.Retail|x86.ActiveCfg = Release|Any CPU
		{022C7B24-4417-493F-9F70-E3F4035FBEDA}.Debug|Any CPU.ActiveCfg = Debug|Any CPU
		{022C7B24-4417-493F-9F70-E3F4035FBEDA}.Debug|Any CPU.Build.0 = Debug|Any CPU
		{022C7B24-4417-493F-9F70-E3F4035FBEDA}.Debug|Mixed Platforms.ActiveCfg = Debug|Any CPU
		{022C7B24-4417-493F-9F70-E3F4035FBEDA}.Debug|Mixed Platforms.Build.0 = Debug|Any CPU
		{022C7B24-4417-493F-9F70-E3F4035FBEDA}.Debug|x86.ActiveCfg = Debug|Any CPU
		{022C7B24-4417-493F-9F70-E3F4035FBEDA}.Release|Any CPU.ActiveCfg = Release|Any CPU
		{022C7B24-4417-493F-9F70-E3F4035FBEDA}.Release|Any CPU.Build.0 = Release|Any CPU
		{022C7B24-4417-493F-9F70-E3F4035FBEDA}.Release|Mixed Platforms.ActiveCfg = Release|Any CPU
		{022C7B24-4417-493F-9F70-E3F4035FBEDA}.Release|Mixed Platforms.Build.0 = Release|Any CPU
		{022C7B24-4417-493F-9F70-E3F4035FBEDA}.Release|x86.ActiveCfg = Release|Any CPU
		{022C7B24-4417-493F-9F70-E3F4035FBEDA}.Retail|Any CPU.ActiveCfg = Release|Any CPU
		{022C7B24-4417-493F-9F70-E3F4035FBEDA}.Retail|Any CPU.Build.0 = Release|Any CPU
		{022C7B24-4417-493F-9F70-E3F4035FBEDA}.Retail|Mixed Platforms.ActiveCfg = Release|Any CPU
		{022C7B24-4417-493F-9F70-E3F4035FBEDA}.Retail|Mixed Platforms.Build.0 = Release|Any CPU
		{022C7B24-4417-493F-9F70-E3F4035FBEDA}.Retail|x86.ActiveCfg = Release|Any CPU
	EndGlobalSection
	GlobalSection(SolutionProperties) = preSolution
		HideSolutionNode = FALSE
	EndGlobalSection
EndGlobal
